{
    "name": "odata-v4",
    "version": "1.0.0",
    "lockfileVersion": 2,
    "requires": true,
    "packages": {
        "": {
            "name": "odata-v4",
            "version": "1.0.0",
            "dependencies": {
                "@openui5/sap.f": "^1.115.0",
                "@openui5/sap.m": "^1",
                "@openui5/sap.ui.core": "^1",
                "@openui5/sap.ui.layout": "^1",
                "@openui5/themelib_sap_belize": "^1"
            }
        },
        "node_modules/@openui5/sap.f": {
            "version": "1.115.0",
            "resolved": "https://registry.npmjs.org/@openui5/sap.f/-/sap.f-1.115.0.tgz",
            "integrity": "sha512-4PZDsPK5KAIhP9Z39DY5ZLI4aJiDSrvzVhqeUQGRnAXbEUw4Z/+UIupxvmgygVH6XUnIHOH5TsfoyqMP+8aESw==",
            "dependencies": {
                "@openui5/sap.m": "1.115.0",
                "@openui5/sap.ui.core": "1.115.0",
                "@openui5/sap.ui.layout": "1.115.0"
            }
        },
        "node_modules/@openui5/sap.m": {
            "version": "1.115.0",
            "resolved": "https://registry.npmjs.org/@openui5/sap.m/-/sap.m-1.115.0.tgz",
            "integrity": "sha512-7ngqrxos40kWKtb9Z0ZIqZd3ba/uC+gbPcJpzgaxafdjj1gtxmmxyu5hnTvo1S5o01aKLBrPhWmD/ctAHDC/fQ==",
            "dependencies": {
                "@openui5/sap.ui.core": "1.115.0",
                "@openui5/sap.ui.layout": "1.115.0",
                "@openui5/sap.ui.unified": "1.115.0"
            }
        },
        "node_modules/@openui5/sap.ui.core": {
            "version": "1.115.0",
            "resolved": "https://registry.npmjs.org/@openui5/sap.ui.core/-/sap.ui.core-1.115.0.tgz",
            "integrity": "sha512-sCGDwhz2Y8DOy8rI9FbpISxVfQqTG3S2dSzFeQfM3uFgQLc7F1/09cn3NHMgSm5lSwIBV3E//9uJmBOfMFkpsQ=="
        },
        "node_modules/@openui5/sap.ui.layout": {
            "version": "1.115.0",
            "resolved": "https://registry.npmjs.org/@openui5/sap.ui.layout/-/sap.ui.layout-1.115.0.tgz",
            "integrity": "sha512-aMRzD2ON5x3UbuixAhgIQ1Tshc2E6fIcQOQuoEr8ICWoWN+VFnbgTpLmlU85kcWXZozGKEfROu0wR6JEOwbqhA==",
            "dependencies": {
                "@openui5/sap.ui.core": "1.115.0"
            }
        },
        "node_modules/@openui5/sap.ui.unified": {
            "version": "1.115.0",
            "resolved": "https://registry.npmjs.org/@openui5/sap.ui.unified/-/sap.ui.unified-1.115.0.tgz",
            "integrity": "sha512-YJ9D5sr0gdr+FUd9kVPBNgOKfST+XYmVcj/4QUSz5hLidGRa+OndALgRYihUytVErkUC5IzB3J5VPet5ieZBUQ==",
            "dependencies": {
                "@openui5/sap.ui.core": "1.115.0"
            }
        },
        "node_modules/@openui5/themelib_sap_belize": {
            "version": "1.115.0",
            "resolved": "https://registry.npmjs.org/@openui5/themelib_sap_belize/-/themelib_sap_belize-1.115.0.tgz",
            "integrity": "sha512-njdXdFo40U9DwDZiYWM67Dk1FfP/fhF/97ZGM049FolLshDYGEOHRs0p058VhBZ6AtclTK/Zs/FPW20Y95Ri6g=="
        }
    },
    "dependencies": {
        "@openui5/sap.f": {
            "version": "1.115.0",
            "resolved": "https://registry.npmjs.org/@openui5/sap.f/-/sap.f-1.115.0.tgz",
            "integrity": "sha512-4PZDsPK5KAIhP9Z39DY5ZLI4aJiDSrvzVhqeUQGRnAXbEUw4Z/+UIupxvmgygVH6XUnIHOH5TsfoyqMP+8aESw==",
            "requires": {
                "@openui5/sap.m": "1.115.0",
                "@openui5/sap.ui.core": "1.115.0",
                "@openui5/sap.ui.layout": "1.115.0"
            }
        },
        "@openui5/sap.m": {
            "version": "1.115.0",
            "resolved": "https://registry.npmjs.org/@openui5/sap.m/-/sap.m-1.115.0.tgz",
            "integrity": "sha512-7ngqrxos40kWKtb9Z0ZIqZd3ba/uC+gbPcJpzgaxafdjj1gtxmmxyu5hnTvo1S5o01aKLBrPhWmD/ctAHDC/fQ==",
            "requires": {
                "@openui5/sap.ui.core": "1.115.0",
                "@openui5/sap.ui.layout": "1.115.0",
                "@openui5/sap.ui.unified": "1.115.0"
            }
        },
        "@openui5/sap.ui.core": {
            "version": "1.115.0",
            "resolved": "https://registry.npmjs.org/@openui5/sap.ui.core/-/sap.ui.core-1.115.0.tgz",
            "integrity": "sha512-sCGDwhz2Y8DOy8rI9FbpISxVfQqTG3S2dSzFeQfM3uFgQLc7F1/09cn3NHMgSm5lSwIBV3E//9uJmBOfMFkpsQ=="
        },
        "@openui5/sap.ui.layout": {
            "version": "1.115.0",
            "resolved": "https://registry.npmjs.org/@openui5/sap.ui.layout/-/sap.ui.layout-1.115.0.tgz",
            "integrity": "sha512-aMRzD2ON5x3UbuixAhgIQ1Tshc2E6fIcQOQuoEr8ICWoWN+VFnbgTpLmlU85kcWXZozGKEfROu0wR6JEOwbqhA==",
            "requires": {
                "@openui5/sap.ui.core": "1.115.0"
            }
        },
        "@openui5/sap.ui.unified": {
            "version": "1.115.0",
            "resolved": "https://registry.npmjs.org/@openui5/sap.ui.unified/-/sap.ui.unified-1.115.0.tgz",
            "integrity": "sha512-YJ9D5sr0gdr+FUd9kVPBNgOKfST+XYmVcj/4QUSz5hLidGRa+OndALgRYihUytVErkUC5IzB3J5VPet5ieZBUQ==",
            "requires": {
                "@openui5/sap.ui.core": "1.115.0"
            }
        },
        "@openui5/themelib_sap_belize": {
            "version": "1.115.0",
            "resolved": "https://registry.npmjs.org/@openui5/themelib_sap_belize/-/themelib_sap_belize-1.115.0.tgz",
            "integrity": "sha512-njdXdFo40U9DwDZiYWM67Dk1FfP/fhF/97ZGM049FolLshDYGEOHRs0p058VhBZ6AtclTK/Zs/FPW20Y95Ri6g=="
        }
    }
}
